
Microsoft Visual Studio Solution File, Format Version 12.00
Project("{FAE04EC0-301F-11D3-BF4B-00C04F79EFBC}") = "feat.web", "feat.web.csproj", "{6090A7B7-566A-4151-B790-1E5F9D2A9B24}"
EndProject
Global
	GlobalSection(SolutionConfigurationPlatforms) = preSolution
		Debug|Any CPU = Debug|Any CPU
		Release|Any CPU = Release|Any CPU
	EndGlobalSection
	GlobalSection(ProjectConfigurationPlatforms) = postSolution
		{6090A7B7-566A-4151-B790-1E5F9D2A9B24}.Debug|Any CPU.ActiveCfg = Debug|Any CPU
		{6090A7B7-566A-4151-B790-1E5F9D2A9B24}.Debug|Any CPU.Build.0 = Debug|Any CPU
		{6090A7B7-566A-4151-B790-1E5F9D2A9B24}.Release|Any CPU.ActiveCfg = Release|Any CPU
		{6090A7B7-566A-4151-B790-1E5F9D2A9B24}.Release|Any CPU.Build.0 = Release|Any CPU
	EndGlobalSection
EndGlobal
